PODS:
  - AFNetworking (4.0.1):
    - AFNetworking/NSURLSession (= 4.0.1)
    - AFNetworking/Reachability (= 4.0.1)
    - AFNetworking/Security (= 4.0.1)
    - AFNetworking/Serialization (= 4.0.1)
    - AFNetworking/UIKit (= 4.0.1)
  - AFNetworking/NSURLSession (4.0.1):
    - AFNetworking/Reachability
    - AFNetworking/Security
    - AFNetworking/Serialization
  - AFNetworking/Reachability (4.0.1)
  - AFNetworking/Security (4.0.1)
  - AFNetworking/Serialization (4.0.1)
  - AFNetworking/UIKit (4.0.1):
    - AFNetworking/NSURLSession
  - Aspects (1.4.1)
  - GoogleMaps (4.0.0):
    - GoogleMaps/Maps (= 4.0.0)
  - GoogleMaps/Base (4.0.0)
  - GoogleMaps/Maps (4.0.0):
    - GoogleMaps/Base
  - JZLocationConverter (1.0.0)
  - Masonry (1.1.0)
  - SDWebImage (5.9.3):
    - SDWebImage/Core (= 5.9.3)
  - SDWebImage/Core (5.9.3)
  - SnapKit (5.0.1)
  - SPTools (1.0):
    - SPTools/APIMgr (= 1.0)
    - SPTools/NetworkMgr (= 1.0)
    - SPTools/SPMessageCenter (= 1.0)
    - SPTools/SPSession (= 1.0)
  - SPTools/APIMgr (1.0)
  - SPTools/NetworkMgr (1.0):
    - AFNetworking
  - SPTools/SPMessageCenter (1.0):
    - SPUtilities
  - SPTools/SPSession (1.0):
    - SPUtilities
  - SPUIKit (1.0):
    - SPUIKit/SPBaseViewControllers (= 1.0)
    - SPUIKit/SPViews (= 1.0)
    - SPUIKit/UIKit-Categories (= 1.0)
  - SPUIKit/SPBaseViewControllers (1.0):
    - Aspects
    - Masonry
    - SPUIKit/SPViews
    - SPUIKit/UIKit-Categories
    - SPUtilities
  - SPUIKit/SPViews (1.0):
    - Masonry
    - SDWebImage
    - SPUIKit/UIKit-Categories
    - SPUtilities
  - SPUIKit/UIKit-Categories (1.0):
    - SPUtilities
  - SPUtilities (1.0):
    - SPUtilities/Defines (= 1.0)
    - SPUtilities/Foundation-Categories (= 1.0)
    - SPUtilities/Objc-Utilities (= 1.0)
    - SPUtilities/Quartz (= 1.0)
    - SPUtilities/YYUtilities (= 1.0)
  - SPUtilities/Defines (1.0):
    - SPUtilities/Foundation-Categories
  - SPUtilities/Foundation-Categories (1.0)
  - SPUtilities/Objc-Utilities (1.0)
  - SPUtilities/Quartz (1.0)
  - SPUtilities/YYUtilities (1.0):
    - SPUtilities/Defines

DEPENDENCIES:
  - GoogleMaps (= 4.0.0)
  - JZLocationConverter
  - SnapKit
  - SPTools (from `https://git.xiaocaomei.site:4430/shupeng/SPTools.git`)
  - SPUIKit (from `https://git.xiaocaomei.site:4430/shupeng/SPUIKit.git`)
  - SPUtilities (from `https://git.xiaocaomei.site:4430/shupeng/SPUtilities.git`)

SPEC REPOS:
  trunk:
    - AFNetworking
    - Aspects
    - GoogleMaps
    - JZLocationConverter
    - Masonry
    - SDWebImage
    - SnapKit

EXTERNAL SOURCES:
  SPTools:
    :git: https://git.xiaocaomei.site:4430/shupeng/SPTools.git
  SPUIKit:
    :git: https://git.xiaocaomei.site:4430/shupeng/SPUIKit.git
  SPUtilities:
    :git: https://git.xiaocaomei.site:4430/shupeng/SPUtilities.git

CHECKOUT OPTIONS:
  SPTools:
    :commit: 9df3a0e530d0ca888f1b299dc917ae28a38fce68
    :git: https://git.xiaocaomei.site:4430/shupeng/SPTools.git
  SPUIKit:
    :commit: b358fcd63bead11550c2d6e9a88378c28118dc49
    :git: https://git.xiaocaomei.site:4430/shupeng/SPUIKit.git
  SPUtilities:
    :commit: 51e008909de3e5be283c5bb4d6b5a137a16a615a
    :git: https://git.xiaocaomei.site:4430/shupeng/SPUtilities.git

SPEC CHECKSUMS:
  AFNetworking: 7864c38297c79aaca1500c33288e429c3451fdce
  Aspects: 7595ba96a6727a58ebcbfc954497fc5d2fdde546
  GoogleMaps: b7f7fc569a9b354a3af0d9729dbec40957b7d41e
  JZLocationConverter: 3d816bee6484aed9c155a6045a02ce444833e2f0
  Masonry: 678fab65091a9290e40e2832a55e7ab731aad201
  SDWebImage: a31ee8e90a97303529e03fb0c333eae0eacb88e9
  SnapKit: 97b92857e3df3a0c71833cce143274bf6ef8e5eb
  SPTools: 4a4ee4776b8cb11e2b63e06f463b4f5791864162
  SPUIKit: ec3294a6d1c7b3fba8001f05f0f2231a2b8e7057
  SPUtilities: 7d1088c35e1ba6786882aaaaabe6386fe8c3bc09

PODFILE CHECKSUM: a83b6d1cd591f2ccc91d4aa5c00c9041a284bf72

COCOAPODS: 1.10.0
