// !$*UTF8*$!
{
	archiveVersion = 1;
	classes = {
	};
	objectVersion = 51;
	objects = {

/* Begin PBXBuildFile section */
		0427BE12B398A9DBC437FA8F /* Pods_GoogleMapDemoSwift.framework in Frameworks */ = {isa = PBXBuildFile; fileRef = EBD3EA4D36DC6148AF1E7C44 /* Pods_GoogleMapDemoSwift.framework */; };
		FE740DE7255C1CE00088ABF1 /* AppDelegate.swift in Sources */ = {isa = PBXBuildFile; fileRef = FE740DE6255C1CE00088ABF1 /* AppDelegate.swift */; };
		FE740DEB255C1CE00088ABF1 /* MapViewController.swift in Sources */ = {isa = PBXBuildFile; fileRef = FE740DEA255C1CE00088ABF1 /* MapViewController.swift */; };
		FE740DEE255C1CE00088ABF1 /* Main.storyboard in Resources */ = {isa = PBXBuildFile; fileRef = FE740DEC255C1CE00088ABF1 /* Main.storyboard */; };
		FE740DF0255C1CE30088ABF1 /* Assets.xcassets in Resources */ = {isa = PBXBuildFile; fileRef = FE740DEF255C1CE30088ABF1 /* Assets.xcassets */; };
		FE740DF3255C1CE30088ABF1 /* LaunchScreen.storyboard in Resources */ = {isa = PBXBuildFile; fileRef = FE740DF1255C1CE30088ABF1 /* LaunchScreen.storyboard */; };
		FE740E07255C209D0088ABF1 /* constants.swift in Sources */ = {isa = PBXBuildFile; fileRef = FE740E06255C209D0088ABF1 /* constants.swift */; };
		FE740E0F255D42B10088ABF1 /* RegionManager.swift in Sources */ = {isa = PBXBuildFile; fileRef = FE740E0E255D42B10088ABF1 /* RegionManager.swift */; };
		FE740E12255D79A90088ABF1 /* UNUserNotificationCenterExt.swift in Sources */ = {isa = PBXBuildFile; fileRef = FE740E11255D79A90088ABF1 /* UNUserNotificationCenterExt.swift */; };
		FE740E20255D91260088ABF1 /* AppDelegate.swift in Sources */ = {isa = PBXBuildFile; fileRef = FE740E1F255D91260088ABF1 /* AppDelegate.swift */; };
		FE740E22255D91260088ABF1 /* SceneDelegate.swift in Sources */ = {isa = PBXBuildFile; fileRef = FE740E21255D91260088ABF1 /* SceneDelegate.swift */; };
		FE740E24255D91260088ABF1 /* ViewController.swift in Sources */ = {isa = PBXBuildFile; fileRef = FE740E23255D91260088ABF1 /* ViewController.swift */; };
		FE740E27255D91260088ABF1 /* Main.storyboard in Resources */ = {isa = PBXBuildFile; fileRef = FE740E25255D91260088ABF1 /* Main.storyboard */; };
		FE740E29255D91290088ABF1 /* Assets.xcassets in Resources */ = {isa = PBXBuildFile; fileRef = FE740E28255D91290088ABF1 /* Assets.xcassets */; };
		FE740E2C255D91290088ABF1 /* LaunchScreen.storyboard in Resources */ = {isa = PBXBuildFile; fileRef = FE740E2A255D91290088ABF1 /* LaunchScreen.storyboard */; };
		FEFA23DC2564B15100230519 /* SettingsViewController.swift in Sources */ = {isa = PBXBuildFile; fileRef = FEFA23DB2564B15100230519 /* SettingsViewController.swift */; };
		FEFA23E325653BCE00230519 /* RootNavigationController.swift in Sources */ = {isa = PBXBuildFile; fileRef = FEFA23E225653BCD00230519 /* RootNavigationController.swift */; };
		FEFA23E925653FC200230519 /* mapstyle-night.json in Resources */ = {isa = PBXBuildFile; fileRef = FEFA23E825653FC200230519 /* mapstyle-night.json */; };
		FEFA2412256557F100230519 /* Preset.swift in Sources */ = {isa = PBXBuildFile; fileRef = FEFA2411256557F100230519 /* Preset.swift */; };
/* End PBXBuildFile section */

/* Begin PBXFileReference section */
		1E4CF49183174584EC48ECE4 /* Pods-GoogleMapDemoSwift.debug.xcconfig */ = {isa = PBXFileReference; includeInIndex = 1; lastKnownFileType = text.xcconfig; name = "Pods-GoogleMapDemoSwift.debug.xcconfig"; path = "Target Support Files/Pods-GoogleMapDemoSwift/Pods-GoogleMapDemoSwift.debug.xcconfig"; sourceTree = "<group>"; };
		85BAACC3F0BAFCA3B7A1C683 /* Pods-GoogleMapDemoSwift.release.xcconfig */ = {isa = PBXFileReference; includeInIndex = 1; lastKnownFileType = text.xcconfig; name = "Pods-GoogleMapDemoSwift.release.xcconfig"; path = "Target Support Files/Pods-GoogleMapDemoSwift/Pods-GoogleMapDemoSwift.release.xcconfig"; sourceTree = "<group>"; };
		EBD3EA4D36DC6148AF1E7C44 /* Pods_GoogleMapDemoSwift.framework */ = {isa = PBXFileReference; explicitFileType = wrapper.framework; includeInIndex = 0; path = Pods_GoogleMapDemoSwift.framework; sourceTree = BUILT_PRODUCTS_DIR; };
		FE740DE4255C1CE00088ABF1 /* GoogleMapDemoSwift.app */ = {isa = PBXFileReference; explicitFileType = wrapper.application; includeInIndex = 0; path = GoogleMapDemoSwift.app; sourceTree = BUILT_PRODUCTS_DIR; };
		FE740DE6255C1CE00088ABF1 /* AppDelegate.swift */ = {isa = PBXFileReference; lastKnownFileType = sourcecode.swift; path = AppDelegate.swift; sourceTree = "<group>"; };
		FE740DEA255C1CE00088ABF1 /* MapViewController.swift */ = {isa = PBXFileReference; lastKnownFileType = sourcecode.swift; path = MapViewController.swift; sourceTree = "<group>"; };
		FE740DED255C1CE00088ABF1 /* Base */ = {isa = PBXFileReference; lastKnownFileType = file.storyboard; name = Base; path = Base.lproj/Main.storyboard; sourceTree = "<group>"; };
		FE740DEF255C1CE30088ABF1 /* Assets.xcassets */ = {isa = PBXFileReference; lastKnownFileType = folder.assetcatalog; path = Assets.xcassets; sourceTree = "<group>"; };
		FE740DF2255C1CE30088ABF1 /* Base */ = {isa = PBXFileReference; lastKnownFileType = file.storyboard; name = Base; path = Base.lproj/LaunchScreen.storyboard; sourceTree = "<group>"; };
		FE740DF4255C1CE30088ABF1 /* Info.plist */ = {isa = PBXFileReference; lastKnownFileType = text.plist.xml; path = Info.plist; sourceTree = "<group>"; };
		FE740E06255C209D0088ABF1 /* constants.swift */ = {isa = PBXFileReference; lastKnownFileType = sourcecode.swift; path = constants.swift; sourceTree = "<group>"; };
		FE740E0E255D42B10088ABF1 /* RegionManager.swift */ = {isa = PBXFileReference; lastKnownFileType = sourcecode.swift; path = RegionManager.swift; sourceTree = "<group>"; };
		FE740E11255D79A90088ABF1 /* UNUserNotificationCenterExt.swift */ = {isa = PBXFileReference; lastKnownFileType = sourcecode.swift; path = UNUserNotificationCenterExt.swift; sourceTree = "<group>"; };
		FE740E1D255D91260088ABF1 /* GPSSimulate.app */ = {isa = PBXFileReference; explicitFileType = wrapper.application; includeInIndex = 0; path = GPSSimulate.app; sourceTree = BUILT_PRODUCTS_DIR; };
		FE740E1F255D91260088ABF1 /* AppDelegate.swift */ = {isa = PBXFileReference; lastKnownFileType = sourcecode.swift; path = AppDelegate.swift; sourceTree = "<group>"; };
		FE740E21255D91260088ABF1 /* SceneDelegate.swift */ = {isa = PBXFileReference; lastKnownFileType = sourcecode.swift; path = SceneDelegate.swift; sourceTree = "<group>"; };
		FE740E23255D91260088ABF1 /* ViewController.swift */ = {isa = PBXFileReference; lastKnownFileType = sourcecode.swift; path = ViewController.swift; sourceTree = "<group>"; };
		FE740E26255D91260088ABF1 /* Base */ = {isa = PBXFileReference; lastKnownFileType = file.storyboard; name = Base; path = Base.lproj/Main.storyboard; sourceTree = "<group>"; };
		FE740E28255D91290088ABF1 /* Assets.xcassets */ = {isa = PBXFileReference; lastKnownFileType = folder.assetcatalog; path = Assets.xcassets; sourceTree = "<group>"; };
		FE740E2B255D91290088ABF1 /* Base */ = {isa = PBXFileReference; lastKnownFileType = file.storyboard; name = Base; path = Base.lproj/LaunchScreen.storyboard; sourceTree = "<group>"; };
		FE740E2D255D91290088ABF1 /* Info.plist */ = {isa = PBXFileReference; lastKnownFileType = text.plist.xml; path = Info.plist; sourceTree = "<group>"; };
		FEC58D83255AB32B0027D065 /* 11-10-2020-1937.gpx */ = {isa = PBXFileReference; fileEncoding = 4; lastKnownFileType = text.xml; path = "11-10-2020-1937.gpx"; sourceTree = "<group>"; };
		FEFA23DB2564B15100230519 /* SettingsViewController.swift */ = {isa = PBXFileReference; lastKnownFileType = sourcecode.swift; path = SettingsViewController.swift; sourceTree = "<group>"; };
		FEFA23E225653BCD00230519 /* RootNavigationController.swift */ = {isa = PBXFileReference; lastKnownFileType = sourcecode.swift; path = RootNavigationController.swift; sourceTree = "<group>"; };
		FEFA23E825653FC200230519 /* mapstyle-night.json */ = {isa = PBXFileReference; fileEncoding = 4; lastKnownFileType = text.json; path = "mapstyle-night.json"; sourceTree = "<group>"; };
		FEFA2411256557F100230519 /* Preset.swift */ = {isa = PBXFileReference; lastKnownFileType = sourcecode.swift; path = Preset.swift; sourceTree = "<group>"; };
/* End PBXFileReference section */

/* Begin PBXFrameworksBuildPhase section */
		FE740DE1255C1CE00088ABF1 /* Frameworks */ = {
			isa = PBXFrameworksBuildPhase;
			buildActionMask = 2147483647;
			files = (
				0427BE12B398A9DBC437FA8F /* Pods_GoogleMapDemoSwift.framework in Frameworks */,
			);
			runOnlyForDeploymentPostprocessing = 0;
		};
		FE740E1A255D91260088ABF1 /* Frameworks */ = {
			isa = PBXFrameworksBuildPhase;
			buildActionMask = 2147483647;
			files = (
			);
			runOnlyForDeploymentPostprocessing = 0;
		};
/* End PBXFrameworksBuildPhase section */

/* Begin PBXGroup section */
		0AC202954E91EC25FCC86ABC /* Frameworks */ = {
			isa = PBXGroup;
			children = (
				EBD3EA4D36DC6148AF1E7C44 /* Pods_GoogleMapDemoSwift.framework */,
			);
			name = Frameworks;
			sourceTree = "<group>";
		};
		70C1A6CB0D10EA9157B7CBFC /* Pods */ = {
			isa = PBXGroup;
			children = (
				1E4CF49183174584EC48ECE4 /* Pods-GoogleMapDemoSwift.debug.xcconfig */,
				85BAACC3F0BAFCA3B7A1C683 /* Pods-GoogleMapDemoSwift.release.xcconfig */,
			);
			path = Pods;
			sourceTree = "<group>";
		};
		FE168FD725593DDE004F4FC1 = {
			isa = PBXGroup;
			children = (
				FEC58D58255A4EA10027D065 /* GPX files */,
				FE740DE5255C1CE00088ABF1 /* GoogleMapDemoSwift */,
				FE740E1E255D91260088ABF1 /* GPSSimulate */,
				FE168FE125593DDE004F4FC1 /* Products */,
				70C1A6CB0D10EA9157B7CBFC /* Pods */,
				0AC202954E91EC25FCC86ABC /* Frameworks */,
			);
			sourceTree = "<group>";
		};
		FE168FE125593DDE004F4FC1 /* Products */ = {
			isa = PBXGroup;
			children = (
				FE740DE4255C1CE00088ABF1 /* GoogleMapDemoSwift.app */,
				FE740E1D255D91260088ABF1 /* GPSSimulate.app */,
			);
			name = Products;
			sourceTree = "<group>";
		};
		FE740DE5255C1CE00088ABF1 /* GoogleMapDemoSwift */ = {
			isa = PBXGroup;
			children = (
				FEFA2411256557F100230519 /* Preset.swift */,
				FE740E06255C209D0088ABF1 /* constants.swift */,
				FE740E0E255D42B10088ABF1 /* RegionManager.swift */,
				FE740E11255D79A90088ABF1 /* UNUserNotificationCenterExt.swift */,
				FE740DE6255C1CE00088ABF1 /* AppDelegate.swift */,
				FEFA23E225653BCD00230519 /* RootNavigationController.swift */,
				FE740DEA255C1CE00088ABF1 /* MapViewController.swift */,
				FEFA23DB2564B15100230519 /* SettingsViewController.swift */,
				FE740DEC255C1CE00088ABF1 /* Main.storyboard */,
				FE740DEF255C1CE30088ABF1 /* Assets.xcassets */,
				FE740DF1255C1CE30088ABF1 /* LaunchScreen.storyboard */,
				FE740DF4255C1CE30088ABF1 /* Info.plist */,
				FEFA23E825653FC200230519 /* mapstyle-night.json */,
			);
			path = GoogleMapDemoSwift;
			sourceTree = "<group>";
		};
		FE740E1E255D91260088ABF1 /* GPSSimulate */ = {
			isa = PBXGroup;
			children = (
				FE740E1F255D91260088ABF1 /* AppDelegate.swift */,
				FE740E21255D91260088ABF1 /* SceneDelegate.swift */,
				FE740E23255D91260088ABF1 /* ViewController.swift */,
				FE740E25255D91260088ABF1 /* Main.storyboard */,
				FE740E28255D91290088ABF1 /* Assets.xcassets */,
				FE740E2A255D91290088ABF1 /* LaunchScreen.storyboard */,
				FE740E2D255D91290088ABF1 /* Info.plist */,
			);
			path = GPSSimulate;
			sourceTree = "<group>";
		};
		FEC58D58255A4EA10027D065 /* GPX files */ = {
			isa = PBXGroup;
			children = (
				FEC58D83255AB32B0027D065 /* 11-10-2020-1937.gpx */,
			);
			path = "GPX files";
			sourceTree = "<group>";
		};
/* End PBXGroup section */

/* Begin PBXNativeTarget section */
		FE740DE3255C1CE00088ABF1 /* GoogleMapDemoSwift */ = {
			isa = PBXNativeTarget;
			buildConfigurationList = FE740DF5255C1CE30088ABF1 /* Build configuration list for PBXNativeTarget "GoogleMapDemoSwift" */;
			buildPhases = (
				08BC18A0347B26B48567C109 /* [CP] Check Pods Manifest.lock */,
				FE740DE0255C1CE00088ABF1 /* Sources */,
				FE740DE1255C1CE00088ABF1 /* Frameworks */,
				FE740DE2255C1CE00088ABF1 /* Resources */,
				50A705E710771D55E2365F5E /* [CP] Copy Pods Resources */,
				C8FC16A80605C7AAFD473EEF /* [CP] Embed Pods Frameworks */,
			);
			buildRules = (
			);
			dependencies = (
			);
			name = GoogleMapDemoSwift;
			productName = GoogleMapDemoSwift;
			productReference = FE740DE4255C1CE00088ABF1 /* GoogleMapDemoSwift.app */;
			productType = "com.apple.product-type.application";
		};
		FE740E1C255D91260088ABF1 /* GPSSimulate */ = {
			isa = PBXNativeTarget;
			buildConfigurationList = FE740E30255D91290088ABF1 /* Build configuration list for PBXNativeTarget "GPSSimulate" */;
			buildPhases = (
				FE740E19255D91260088ABF1 /* Sources */,
				FE740E1A255D91260088ABF1 /* Frameworks */,
				FE740E1B255D91260088ABF1 /* Resources */,
			);
			buildRules = (
			);
			dependencies = (
			);
			name = GPSSimulate;
			productName = GPSSimulate;
			productReference = FE740E1D255D91260088ABF1 /* GPSSimulate.app */;
			productType = "com.apple.product-type.application";
		};
/* End PBXNativeTarget section */

/* Begin PBXProject section */
		FE168FD825593DDE004F4FC1 /* Project object */ = {
			isa = PBXProject;
			attributes = {
				LastSwiftUpdateCheck = 1210;
				LastUpgradeCheck = 1210;
				TargetAttributes = {
					FE740DE3255C1CE00088ABF1 = {
						CreatedOnToolsVersion = 12.1;
					};
					FE740E1C255D91260088ABF1 = {
						CreatedOnToolsVersion = 12.1;
					};
				};
			};
			buildConfigurationList = FE168FDB25593DDE004F4FC1 /* Build configuration list for PBXProject "GoogleMapDemo" */;
			compatibilityVersion = "Xcode 9.3";
			developmentRegion = en;
			hasScannedForEncodings = 0;
			knownRegions = (
				en,
				Base,
			);
			mainGroup = FE168FD725593DDE004F4FC1;
			productRefGroup = FE168FE125593DDE004F4FC1 /* Products */;
			projectDirPath = "";
			projectRoot = "";
			targets = (
				FE740DE3255C1CE00088ABF1 /* GoogleMapDemoSwift */,
				FE740E1C255D91260088ABF1 /* GPSSimulate */,
			);
		};
/* End PBXProject section */

/* Begin PBXResourcesBuildPhase section */
		FE740DE2255C1CE00088ABF1 /* Resources */ = {
			isa = PBXResourcesBuildPhase;
			buildActionMask = 2147483647;
			files = (
				FE740DF3255C1CE30088ABF1 /* LaunchScreen.storyboard in Resources */,
				FEFA23E925653FC200230519 /* mapstyle-night.json in Resources */,
				FE740DF0255C1CE30088ABF1 /* Assets.xcassets in Resources */,
				FE740DEE255C1CE00088ABF1 /* Main.storyboard in Resources */,
			);
			runOnlyForDeploymentPostprocessing = 0;
		};
		FE740E1B255D91260088ABF1 /* Resources */ = {
			isa = PBXResourcesBuildPhase;
			buildActionMask = 2147483647;
			files = (
				FE740E2C255D91290088ABF1 /* LaunchScreen.storyboard in Resources */,
				FE740E29255D91290088ABF1 /* Assets.xcassets in Resources */,
				FE740E27255D91260088ABF1 /* Main.storyboard in Resources */,
			);
			runOnlyForDeploymentPostprocessing = 0;
		};
/* End PBXResourcesBuildPhase section */

/* Begin PBXShellScriptBuildPhase section */
		08BC18A0347B26B48567C109 /* [CP] Check Pods Manifest.lock */ = {
			isa = PBXShellScriptBuildPhase;
			buildActionMask = 2147483647;
			files = (
			);
			inputFileListPaths = (
			);
			inputPaths = (
				"${PODS_PODFILE_DIR_PATH}/Podfile.lock",
				"${PODS_ROOT}/Manifest.lock",
			);
			name = "[CP] Check Pods Manifest.lock";
			outputFileListPaths = (
			);
			outputPaths = (
				"$(DERIVED_FILE_DIR)/Pods-GoogleMapDemoSwift-checkManifestLockResult.txt",
			);
			runOnlyForDeploymentPostprocessing = 0;
			shellPath = /bin/sh;
			shellScript = "diff \"${PODS_PODFILE_DIR_PATH}/Podfile.lock\" \"${PODS_ROOT}/Manifest.lock\" > /dev/null\nif [ $? != 0 ] ; then\n    # print error to STDERR\n    echo \"error: The sandbox is not in sync with the Podfile.lock. Run 'pod install' or update your CocoaPods installation.\" >&2\n    exit 1\nfi\n# This output is used by Xcode 'outputs' to avoid re-running this script phase.\necho \"SUCCESS\" > \"${SCRIPT_OUTPUT_FILE_0}\"\n";
			showEnvVarsInLog = 0;
		};
		50A705E710771D55E2365F5E /* [CP] Copy Pods Resources */ = {
			isa = PBXShellScriptBuildPhase;
			buildActionMask = 2147483647;
			files = (
			);
			inputFileListPaths = (
				"${PODS_ROOT}/Target Support Files/Pods-GoogleMapDemoSwift/Pods-GoogleMapDemoSwift-resources-${CONFIGURATION}-input-files.xcfilelist",
			);
			name = "[CP] Copy Pods Resources";
			outputFileListPaths = (
				"${PODS_ROOT}/Target Support Files/Pods-GoogleMapDemoSwift/Pods-GoogleMapDemoSwift-resources-${CONFIGURATION}-output-files.xcfilelist",
			);
			runOnlyForDeploymentPostprocessing = 0;
			shellPath = /bin/sh;
			shellScript = "\"${PODS_ROOT}/Target Support Files/Pods-GoogleMapDemoSwift/Pods-GoogleMapDemoSwift-resources.sh\"\n";
			showEnvVarsInLog = 0;
		};
		C8FC16A80605C7AAFD473EEF /* [CP] Embed Pods Frameworks */ = {
			isa = PBXShellScriptBuildPhase;
			buildActionMask = 2147483647;
			files = (
			);
			inputFileListPaths = (
				"${PODS_ROOT}/Target Support Files/Pods-GoogleMapDemoSwift/Pods-GoogleMapDemoSwift-frameworks-${CONFIGURATION}-input-files.xcfilelist",
			);
			name = "[CP] Embed Pods Frameworks";
			outputFileListPaths = (
				"${PODS_ROOT}/Target Support Files/Pods-GoogleMapDemoSwift/Pods-GoogleMapDemoSwift-frameworks-${CONFIGURATION}-output-files.xcfilelist",
			);
			runOnlyForDeploymentPostprocessing = 0;
			shellPath = /bin/sh;
			shellScript = "\"${PODS_ROOT}/Target Support Files/Pods-GoogleMapDemoSwift/Pods-GoogleMapDemoSwift-frameworks.sh\"\n";
			showEnvVarsInLog = 0;
		};
/* End PBXShellScriptBuildPhase section */

/* Begin PBXSourcesBuildPhase section */
		FE740DE0255C1CE00088ABF1 /* Sources */ = {
			isa = PBXSourcesBuildPhase;
			buildActionMask = 2147483647;
			files = (
				FE740E12255D79A90088ABF1 /* UNUserNotificationCenterExt.swift in Sources */,
				FE740DEB255C1CE00088ABF1 /* MapViewController.swift in Sources */,
				FEFA2412256557F100230519 /* Preset.swift in Sources */,
				FE740E0F255D42B10088ABF1 /* RegionManager.swift in Sources */,
				FE740DE7255C1CE00088ABF1 /* AppDelegate.swift in Sources */,
				FE740E07255C209D0088ABF1 /* constants.swift in Sources */,
				FEFA23E325653BCE00230519 /* RootNavigationController.swift in Sources */,
				FEFA23DC2564B15100230519 /* SettingsViewController.swift in Sources */,
			);
			runOnlyForDeploymentPostprocessing = 0;
		};
		FE740E19255D91260088ABF1 /* Sources */ = {
			isa = PBXSourcesBuildPhase;
			buildActionMask = 2147483647;
			files = (
				FE740E24255D91260088ABF1 /* ViewController.swift in Sources */,
				FE740E20255D91260088ABF1 /* AppDelegate.swift in Sources */,
				FE740E22255D91260088ABF1 /* SceneDelegate.swift in Sources */,
			);
			runOnlyForDeploymentPostprocessing = 0;
		};
/* End PBXSourcesBuildPhase section */

/* Begin PBXVariantGroup section */
		FE740DEC255C1CE00088ABF1 /* Main.storyboard */ = {
			isa = PBXVariantGroup;
			children = (
				FE740DED255C1CE00088ABF1 /* Base */,
			);
			name = Main.storyboard;
			sourceTree = "<group>";
		};
		FE740DF1255C1CE30088ABF1 /* LaunchScreen.storyboard */ = {
			isa = PBXVariantGroup;
			children = (
				FE740DF2255C1CE30088ABF1 /* Base */,
			);
			name = LaunchScreen.storyboard;
			sourceTree = "<group>";
		};
		FE740E25255D91260088ABF1 /* Main.storyboard */ = {
			isa = PBXVariantGroup;
			children = (
				FE740E26255D91260088ABF1 /* Base */,
			);
			name = Main.storyboard;
			sourceTree = "<group>";
		};
		FE740E2A255D91290088ABF1 /* LaunchScreen.storyboard */ = {
			isa = PBXVariantGroup;
			children = (
				FE740E2B255D91290088ABF1 /* Base */,
			);
			name = LaunchScreen.storyboard;
			sourceTree = "<group>";
		};
/* End PBXVariantGroup section */

/* Begin XCBuildConfiguration section */
		FE168FF725593DE0004F4FC1 /* Debug */ = {
			isa = XCBuildConfiguration;
			buildSettings = {
				ALWAYS_SEARCH_USER_PATHS = NO;
				CLANG_ANALYZER_NONNULL = YES;
				CLANG_ANALYZER_NUMBER_OBJECT_CONVERSION = YES_AGGRESSIVE;
				CLANG_CXX_LANGUAGE_STANDARD = "gnu++14";
				CLANG_CXX_LIBRARY = "libc++";
				CLANG_ENABLE_MODULES = YES;
				CLANG_ENABLE_OBJC_ARC = YES;
				CLANG_ENABLE_OBJC_WEAK = YES;
				CLANG_WARN_BLOCK_CAPTURE_AUTORELEASING = YES;
				CLANG_WARN_BOOL_CONVERSION = YES;
				CLANG_WARN_COMMA = YES;
				CLANG_WARN_CONSTANT_CONVERSION = YES;
				CLANG_WARN_DEPRECATED_OBJC_IMPLEMENTATIONS = YES;
				CLANG_WARN_DIRECT_OBJC_ISA_USAGE = YES_ERROR;
				CLANG_WARN_DOCUMENTATION_COMMENTS = YES;
				CLANG_WARN_EMPTY_BODY = YES;
				CLANG_WARN_ENUM_CONVERSION = YES;
				CLANG_WARN_INFINITE_RECURSION = YES;
				CLANG_WARN_INT_CONVERSION = YES;
				CLANG_WARN_NON_LITERAL_NULL_CONVERSION = YES;
				CLANG_WARN_OBJC_IMPLICIT_RETAIN_SELF = YES;
				CLANG_WARN_OBJC_LITERAL_CONVERSION = YES;
				CLANG_WARN_OBJC_ROOT_CLASS = YES_ERROR;
				CLANG_WARN_QUOTED_INCLUDE_IN_FRAMEWORK_HEADER = YES;
				CLANG_WARN_RANGE_LOOP_ANALYSIS = YES;
				CLANG_WARN_STRICT_PROTOTYPES = YES;
				CLANG_WARN_SUSPICIOUS_MOVE = YES;
				CLANG_WARN_UNGUARDED_AVAILABILITY = YES_AGGRESSIVE;
				CLANG_WARN_UNREACHABLE_CODE = YES;
				CLANG_WARN__DUPLICATE_METHOD_MATCH = YES;
				COPY_PHASE_STRIP = NO;
				DEBUG_INFORMATION_FORMAT = dwarf;
				ENABLE_STRICT_OBJC_MSGSEND = YES;
				ENABLE_TESTABILITY = YES;
				GCC_C_LANGUAGE_STANDARD = gnu11;
				GCC_DYNAMIC_NO_PIC = NO;
				GCC_NO_COMMON_BLOCKS = YES;
				GCC_OPTIMIZATION_LEVEL = 0;
				GCC_PREPROCESSOR_DEFINITIONS = (
					"DEBUG=1",
					"$(inherited)",
				);
				GCC_WARN_64_TO_32_BIT_CONVERSION = YES;
				GCC_WARN_ABOUT_RETURN_TYPE = YES_ERROR;
				GCC_WARN_UNDECLARED_SELECTOR = YES;
				GCC_WARN_UNINITIALIZED_AUTOS = YES_AGGRESSIVE;
				GCC_WARN_UNUSED_FUNCTION = YES;
				GCC_WARN_UNUSED_VARIABLE = YES;
				IPHONEOS_DEPLOYMENT_TARGET = 14.1;
				MTL_ENABLE_DEBUG_INFO = INCLUDE_SOURCE;
				MTL_FAST_MATH = YES;
				ONLY_ACTIVE_ARCH = YES;
				SDKROOT = iphoneos;
			};
			name = Debug;
		};
		FE168FF825593DE0004F4FC1 /* Release */ = {
			isa = XCBuildConfiguration;
			buildSettings = {
				ALWAYS_SEARCH_USER_PATHS = NO;
				CLANG_ANALYZER_NONNULL = YES;
				CLANG_ANALYZER_NUMBER_OBJECT_CONVERSION = YES_AGGRESSIVE;
				CLANG_CXX_LANGUAGE_STANDARD = "gnu++14";
				CLANG_CXX_LIBRARY = "libc++";
				CLANG_ENABLE_MODULES = YES;
				CLANG_ENABLE_OBJC_ARC = YES;
				CLANG_ENABLE_OBJC_WEAK = YES;
				CLANG_WARN_BLOCK_CAPTURE_AUTORELEASING = YES;
				CLANG_WARN_BOOL_CONVERSION = YES;
				CLANG_WARN_COMMA = YES;
				CLANG_WARN_CONSTANT_CONVERSION = YES;
				CLANG_WARN_DEPRECATED_OBJC_IMPLEMENTATIONS = YES;
				CLANG_WARN_DIRECT_OBJC_ISA_USAGE = YES_ERROR;
				CLANG_WARN_DOCUMENTATION_COMMENTS = YES;
				CLANG_WARN_EMPTY_BODY = YES;
				CLANG_WARN_ENUM_CONVERSION = YES;
				CLANG_WARN_INFINITE_RECURSION = YES;
				CLANG_WARN_INT_CONVERSION = YES;
				CLANG_WARN_NON_LITERAL_NULL_CONVERSION = YES;
				CLANG_WARN_OBJC_IMPLICIT_RETAIN_SELF = YES;
				CLANG_WARN_OBJC_LITERAL_CONVERSION = YES;
				CLANG_WARN_OBJC_ROOT_CLASS = YES_ERROR;
				CLANG_WARN_QUOTED_INCLUDE_IN_FRAMEWORK_HEADER = YES;
				CLANG_WARN_RANGE_LOOP_ANALYSIS = YES;
				CLANG_WARN_STRICT_PROTOTYPES = YES;
				CLANG_WARN_SUSPICIOUS_MOVE = YES;
				CLANG_WARN_UNGUARDED_AVAILABILITY = YES_AGGRESSIVE;
				CLANG_WARN_UNREACHABLE_CODE = YES;
				CLANG_WARN__DUPLICATE_METHOD_MATCH = YES;
				COPY_PHASE_STRIP = NO;
				DEBUG_INFORMATION_FORMAT = "dwarf-with-dsym";
				ENABLE_NS_ASSERTIONS = NO;
				ENABLE_STRICT_OBJC_MSGSEND = YES;
				GCC_C_LANGUAGE_STANDARD = gnu11;
				GCC_NO_COMMON_BLOCKS = YES;
				GCC_WARN_64_TO_32_BIT_CONVERSION = YES;
				GCC_WARN_ABOUT_RETURN_TYPE = YES_ERROR;
				GCC_WARN_UNDECLARED_SELECTOR = YES;
				GCC_WARN_UNINITIALIZED_AUTOS = YES_AGGRESSIVE;
				GCC_WARN_UNUSED_FUNCTION = YES;
				GCC_WARN_UNUSED_VARIABLE = YES;
				IPHONEOS_DEPLOYMENT_TARGET = 14.1;
				MTL_ENABLE_DEBUG_INFO = NO;
				MTL_FAST_MATH = YES;
				SDKROOT = iphoneos;
				VALIDATE_PRODUCT = YES;
			};
			name = Release;
		};
		FE740DF6255C1CE30088ABF1 /* Debug */ = {
			isa = XCBuildConfiguration;
			baseConfigurationReference = 1E4CF49183174584EC48ECE4 /* Pods-GoogleMapDemoSwift.debug.xcconfig */;
			buildSettings = {
				ASSETCATALOG_COMPILER_APPICON_NAME = AppIcon;
				ASSETCATALOG_COMPILER_GLOBAL_ACCENT_COLOR_NAME = AccentColor;
				CODE_SIGN_STYLE = Automatic;
				DEVELOPMENT_TEAM = TAXNVNJP42;
				INFOPLIST_FILE = GoogleMapDemoSwift/Info.plist;
				IPHONEOS_DEPLOYMENT_TARGET = 11.0;
				LD_RUNPATH_SEARCH_PATHS = (
					"$(inherited)",
					"@executable_path/Frameworks",
				);
				PRODUCT_BUNDLE_IDENTIFIER = com.shupeng.GoogleMapDemo;
				PRODUCT_NAME = "$(TARGET_NAME)";
				SWIFT_ACTIVE_COMPILATION_CONDITIONS = DEBUG;
				SWIFT_OPTIMIZATION_LEVEL = "-Onone";
				SWIFT_VERSION = 5.0;
				TARGETED_DEVICE_FAMILY = 1;
			};
			name = Debug;
		};
		FE740DF7255C1CE30088ABF1 /* Release */ = {
			isa = XCBuildConfiguration;
			baseConfigurationReference = 85BAACC3F0BAFCA3B7A1C683 /* Pods-GoogleMapDemoSwift.release.xcconfig */;
			buildSettings = {
				ASSETCATALOG_COMPILER_APPICON_NAME = AppIcon;
				ASSETCATALOG_COMPILER_GLOBAL_ACCENT_COLOR_NAME = AccentColor;
				CODE_SIGN_STYLE = Automatic;
				DEVELOPMENT_TEAM = TAXNVNJP42;
				INFOPLIST_FILE = GoogleMapDemoSwift/Info.plist;
				IPHONEOS_DEPLOYMENT_TARGET = 11.0;
				LD_RUNPATH_SEARCH_PATHS = (
					"$(inherited)",
					"@executable_path/Frameworks",
				);
				PRODUCT_BUNDLE_IDENTIFIER = com.shupeng.GoogleMapDemo;
				PRODUCT_NAME = "$(TARGET_NAME)";
				SWIFT_COMPILATION_MODE = wholemodule;
				SWIFT_OPTIMIZATION_LEVEL = "-O";
				SWIFT_VERSION = 5.0;
				TARGETED_DEVICE_FAMILY = 1;
			};
			name = Release;
		};
		FE740E2E255D91290088ABF1 /* Debug */ = {
			isa = XCBuildConfiguration;
			buildSettings = {
				ASSETCATALOG_COMPILER_APPICON_NAME = AppIcon;
				ASSETCATALOG_COMPILER_GLOBAL_ACCENT_COLOR_NAME = AccentColor;
				CODE_SIGN_STYLE = Automatic;
				DEVELOPMENT_TEAM = TAXNVNJP42;
				INFOPLIST_FILE = GPSSimulate/Info.plist;
				IPHONEOS_DEPLOYMENT_TARGET = 13.0;
				LD_RUNPATH_SEARCH_PATHS = (
					"$(inherited)",
					"@executable_path/Frameworks",
				);
				PRODUCT_BUNDLE_IDENTIFIER = com.shupeng.GPSSimulate;
				PRODUCT_NAME = "$(TARGET_NAME)";
				SWIFT_ACTIVE_COMPILATION_CONDITIONS = DEBUG;
				SWIFT_OPTIMIZATION_LEVEL = "-Onone";
				SWIFT_VERSION = 5.0;
				TARGETED_DEVICE_FAMILY = "1,2";
			};
			name = Debug;
		};
		FE740E2F255D91290088ABF1 /* Release */ = {
			isa = XCBuildConfiguration;
			buildSettings = {
				ASSETCATALOG_COMPILER_APPICON_NAME = AppIcon;
				ASSETCATALOG_COMPILER_GLOBAL_ACCENT_COLOR_NAME = AccentColor;
				CODE_SIGN_STYLE = Automatic;
				DEVELOPMENT_TEAM = TAXNVNJP42;
				INFOPLIST_FILE = GPSSimulate/Info.plist;
				IPHONEOS_DEPLOYMENT_TARGET = 13.0;
				LD_RUNPATH_SEARCH_PATHS = (
					"$(inherited)",
					"@executable_path/Frameworks",
				);
				PRODUCT_BUNDLE_IDENTIFIER = com.shupeng.GPSSimulate;
				PRODUCT_NAME = "$(TARGET_NAME)";
				SWIFT_COMPILATION_MODE = wholemodule;
				SWIFT_OPTIMIZATION_LEVEL = "-O";
				SWIFT_VERSION = 5.0;
				TARGETED_DEVICE_FAMILY = "1,2";
			};
			name = Release;
		};
/* End XCBuildConfiguration section */

/* Begin XCConfigurationList section */
		FE168FDB25593DDE004F4FC1 /* Build configuration list for PBXProject "GoogleMapDemo" */ = {
			isa = XCConfigurationList;
			buildConfigurations = (
				FE168FF725593DE0004F4FC1 /* Debug */,
				FE168FF825593DE0004F4FC1 /* Release */,
			);
			defaultConfigurationIsVisible = 0;
			defaultConfigurationName = Release;
		};
		FE740DF5255C1CE30088ABF1 /* Build configuration list for PBXNativeTarget "GoogleMapDemoSwift" */ = {
			isa = XCConfigurationList;
			buildConfigurations = (
				FE740DF6255C1CE30088ABF1 /* Debug */,
				FE740DF7255C1CE30088ABF1 /* Release */,
			);
			defaultConfigurationIsVisible = 0;
			defaultConfigurationName = Release;
		};
		FE740E30255D91290088ABF1 /* Build configuration list for PBXNativeTarget "GPSSimulate" */ = {
			isa = XCConfigurationList;
			buildConfigurations = (
				FE740E2E255D91290088ABF1 /* Debug */,
				FE740E2F255D91290088ABF1 /* Release */,
			);
			defaultConfigurationIsVisible = 0;
			defaultConfigurationName = Release;
		};
/* End XCConfigurationList section */
	};
	rootObject = FE168FD825593DDE004F4FC1 /* Project object */;
}
