// !$*UTF8*$!
{
	archiveVersion = 1;
	classes = {
	};
	objectVersion = 51;
	objects = {

/* Begin PBXBuildFile section */
		B980CF9B2364A93761E22AFA /* Pods_GoogleMapDemo.framework in Frameworks */ = {isa = PBXBuildFile; fileRef = 09D728BBD7CD86302682DF0E /* Pods_GoogleMapDemo.framework */; };
		FE168FE525593DDE004F4FC1 /* AppDelegate.m in Sources */ = {isa = PBXBuildFile; fileRef = FE168FE425593DDE004F4FC1 /* AppDelegate.m */; };
		FE168FEE25593DDE004F4FC1 /* Main.storyboard in Resources */ = {isa = PBXBuildFile; fileRef = FE168FEC25593DDE004F4FC1 /* Main.storyboard */; };
		FE168FF025593DE0004F4FC1 /* Assets.xcassets in Resources */ = {isa = PBXBuildFile; fileRef = FE168FEF25593DE0004F4FC1 /* Assets.xcassets */; };
		FE168FF325593DE0004F4FC1 /* LaunchScreen.storyboard in Resources */ = {isa = PBXBuildFile; fileRef = FE168FF125593DE0004F4FC1 /* LaunchScreen.storyboard */; };
		FE168FF625593DE0004F4FC1 /* main.m in Sources */ = {isa = PBXBuildFile; fileRef = FE168FF525593DE0004F4FC1 /* main.m */; };
		FEC58D3E255953C60027D065 /* GoogleMapViewController.m in Sources */ = {isa = PBXBuildFile; fileRef = FEC58D3D255953C60027D065 /* GoogleMapViewController.m */; };
		FEC58D84255AB32B0027D065 /* 11-10-2020-1937.gpx in Resources */ = {isa = PBXBuildFile; fileRef = FEC58D83255AB32B0027D065 /* 11-10-2020-1937.gpx */; };
/* End PBXBuildFile section */

/* Begin PBXFileReference section */
		09D728BBD7CD86302682DF0E /* Pods_GoogleMapDemo.framework */ = {isa = PBXFileReference; explicitFileType = wrapper.framework; includeInIndex = 0; path = Pods_GoogleMapDemo.framework; sourceTree = BUILT_PRODUCTS_DIR; };
		15C22AFCBD12757AAC5D4069 /* Pods-GoogleMapDemo.debug.xcconfig */ = {isa = PBXFileReference; includeInIndex = 1; lastKnownFileType = text.xcconfig; name = "Pods-GoogleMapDemo.debug.xcconfig"; path = "Target Support Files/Pods-GoogleMapDemo/Pods-GoogleMapDemo.debug.xcconfig"; sourceTree = "<group>"; };
		B049B8FB61126A5B16260B27 /* Pods-GoogleMapDemo.release.xcconfig */ = {isa = PBXFileReference; includeInIndex = 1; lastKnownFileType = text.xcconfig; name = "Pods-GoogleMapDemo.release.xcconfig"; path = "Target Support Files/Pods-GoogleMapDemo/Pods-GoogleMapDemo.release.xcconfig"; sourceTree = "<group>"; };
		FE168FE025593DDE004F4FC1 /* GoogleMapDemo.app */ = {isa = PBXFileReference; explicitFileType = wrapper.application; includeInIndex = 0; path = GoogleMapDemo.app; sourceTree = BUILT_PRODUCTS_DIR; };
		FE168FE325593DDE004F4FC1 /* AppDelegate.h */ = {isa = PBXFileReference; lastKnownFileType = sourcecode.c.h; path = AppDelegate.h; sourceTree = "<group>"; };
		FE168FE425593DDE004F4FC1 /* AppDelegate.m */ = {isa = PBXFileReference; lastKnownFileType = sourcecode.c.objc; path = AppDelegate.m; sourceTree = "<group>"; };
		FE168FED25593DDE004F4FC1 /* Base */ = {isa = PBXFileReference; lastKnownFileType = file.storyboard; name = Base; path = Base.lproj/Main.storyboard; sourceTree = "<group>"; };
		FE168FEF25593DE0004F4FC1 /* Assets.xcassets */ = {isa = PBXFileReference; lastKnownFileType = folder.assetcatalog; path = Assets.xcassets; sourceTree = "<group>"; };
		FE168FF225593DE0004F4FC1 /* Base */ = {isa = PBXFileReference; lastKnownFileType = file.storyboard; name = Base; path = Base.lproj/LaunchScreen.storyboard; sourceTree = "<group>"; };
		FE168FF425593DE0004F4FC1 /* Info.plist */ = {isa = PBXFileReference; lastKnownFileType = text.plist.xml; path = Info.plist; sourceTree = "<group>"; };
		FE168FF525593DE0004F4FC1 /* main.m */ = {isa = PBXFileReference; lastKnownFileType = sourcecode.c.objc; path = main.m; sourceTree = "<group>"; };
		FEC58D3C255953C60027D065 /* GoogleMapViewController.h */ = {isa = PBXFileReference; lastKnownFileType = sourcecode.c.h; path = GoogleMapViewController.h; sourceTree = "<group>"; };
		FEC58D3D255953C60027D065 /* GoogleMapViewController.m */ = {isa = PBXFileReference; lastKnownFileType = sourcecode.c.objc; path = GoogleMapViewController.m; sourceTree = "<group>"; };
		FEC58D83255AB32B0027D065 /* 11-10-2020-1937.gpx */ = {isa = PBXFileReference; fileEncoding = 4; lastKnownFileType = text.xml; path = "11-10-2020-1937.gpx"; sourceTree = "<group>"; };
/* End PBXFileReference section */

/* Begin PBXFrameworksBuildPhase section */
		FE168FDD25593DDE004F4FC1 /* Frameworks */ = {
			isa = PBXFrameworksBuildPhase;
			buildActionMask = 2147483647;
			files = (
				B980CF9B2364A93761E22AFA /* Pods_GoogleMapDemo.framework in Frameworks */,
			);
			runOnlyForDeploymentPostprocessing = 0;
		};
/* End PBXFrameworksBuildPhase section */

/* Begin PBXGroup section */
		0AC202954E91EC25FCC86ABC /* Frameworks */ = {
			isa = PBXGroup;
			children = (
				09D728BBD7CD86302682DF0E /* Pods_GoogleMapDemo.framework */,
			);
			name = Frameworks;
			sourceTree = "<group>";
		};
		70C1A6CB0D10EA9157B7CBFC /* Pods */ = {
			isa = PBXGroup;
			children = (
				15C22AFCBD12757AAC5D4069 /* Pods-GoogleMapDemo.debug.xcconfig */,
				B049B8FB61126A5B16260B27 /* Pods-GoogleMapDemo.release.xcconfig */,
			);
			path = Pods;
			sourceTree = "<group>";
		};
		FE168FD725593DDE004F4FC1 = {
			isa = PBXGroup;
			children = (
				FEC58D58255A4EA10027D065 /* GPX files */,
				FE168FE225593DDE004F4FC1 /* GoogleMapDemo */,
				FE168FE125593DDE004F4FC1 /* Products */,
				70C1A6CB0D10EA9157B7CBFC /* Pods */,
				0AC202954E91EC25FCC86ABC /* Frameworks */,
			);
			sourceTree = "<group>";
		};
		FE168FE125593DDE004F4FC1 /* Products */ = {
			isa = PBXGroup;
			children = (
				FE168FE025593DDE004F4FC1 /* GoogleMapDemo.app */,
			);
			name = Products;
			sourceTree = "<group>";
		};
		FE168FE225593DDE004F4FC1 /* GoogleMapDemo */ = {
			isa = PBXGroup;
			children = (
				FE168FE325593DDE004F4FC1 /* AppDelegate.h */,
				FE168FE425593DDE004F4FC1 /* AppDelegate.m */,
				FE168FEC25593DDE004F4FC1 /* Main.storyboard */,
				FE168FEF25593DE0004F4FC1 /* Assets.xcassets */,
				FE168FF125593DE0004F4FC1 /* LaunchScreen.storyboard */,
				FE168FF425593DE0004F4FC1 /* Info.plist */,
				FE168FF525593DE0004F4FC1 /* main.m */,
				FEC58D3C255953C60027D065 /* GoogleMapViewController.h */,
				FEC58D3D255953C60027D065 /* GoogleMapViewController.m */,
			);
			path = GoogleMapDemo;
			sourceTree = "<group>";
		};
		FEC58D58255A4EA10027D065 /* GPX files */ = {
			isa = PBXGroup;
			children = (
				FEC58D83255AB32B0027D065 /* 11-10-2020-1937.gpx */,
			);
			path = "GPX files";
			sourceTree = "<group>";
		};
/* End PBXGroup section */

/* Begin PBXNativeTarget section */
		FE168FDF25593DDE004F4FC1 /* GoogleMapDemo */ = {
			isa = PBXNativeTarget;
			buildConfigurationList = FE168FF925593DE0004F4FC1 /* Build configuration list for PBXNativeTarget "GoogleMapDemo" */;
			buildPhases = (
				77E4DBBB7A016D1B8F8E395F /* [CP] Check Pods Manifest.lock */,
				FE168FDC25593DDE004F4FC1 /* Sources */,
				FE168FDD25593DDE004F4FC1 /* Frameworks */,
				FE168FDE25593DDE004F4FC1 /* Resources */,
				49262095946BB19C8ED9D6A9 /* [CP] Embed Pods Frameworks */,
				B3F9CF1EBB4AF8640E1C394C /* [CP] Copy Pods Resources */,
			);
			buildRules = (
			);
			dependencies = (
			);
			name = GoogleMapDemo;
			productName = GoogleMapDemo;
			productReference = FE168FE025593DDE004F4FC1 /* GoogleMapDemo.app */;
			productType = "com.apple.product-type.application";
		};
/* End PBXNativeTarget section */

/* Begin PBXProject section */
		FE168FD825593DDE004F4FC1 /* Project object */ = {
			isa = PBXProject;
			attributes = {
				LastUpgradeCheck = 1210;
				TargetAttributes = {
					FE168FDF25593DDE004F4FC1 = {
						CreatedOnToolsVersion = 12.1;
					};
				};
			};
			buildConfigurationList = FE168FDB25593DDE004F4FC1 /* Build configuration list for PBXProject "GoogleMapDemo" */;
			compatibilityVersion = "Xcode 9.3";
			developmentRegion = en;
			hasScannedForEncodings = 0;
			knownRegions = (
				en,
				Base,
			);
			mainGroup = FE168FD725593DDE004F4FC1;
			productRefGroup = FE168FE125593DDE004F4FC1 /* Products */;
			projectDirPath = "";
			projectRoot = "";
			targets = (
				FE168FDF25593DDE004F4FC1 /* GoogleMapDemo */,
			);
		};
/* End PBXProject section */

/* Begin PBXResourcesBuildPhase section */
		FE168FDE25593DDE004F4FC1 /* Resources */ = {
			isa = PBXResourcesBuildPhase;
			buildActionMask = 2147483647;
			files = (
				FE168FF325593DE0004F4FC1 /* LaunchScreen.storyboard in Resources */,
				FE168FF025593DE0004F4FC1 /* Assets.xcassets in Resources */,
				FEC58D84255AB32B0027D065 /* 11-10-2020-1937.gpx in Resources */,
				FE168FEE25593DDE004F4FC1 /* Main.storyboard in Resources */,
			);
			runOnlyForDeploymentPostprocessing = 0;
		};
/* End PBXResourcesBuildPhase section */

/* Begin PBXShellScriptBuildPhase section */
		49262095946BB19C8ED9D6A9 /* [CP] Embed Pods Frameworks */ = {
			isa = PBXShellScriptBuildPhase;
			buildActionMask = 2147483647;
			files = (
			);
			inputFileListPaths = (
				"${PODS_ROOT}/Target Support Files/Pods-GoogleMapDemo/Pods-GoogleMapDemo-frameworks-${CONFIGURATION}-input-files.xcfilelist",
			);
			name = "[CP] Embed Pods Frameworks";
			outputFileListPaths = (
				"${PODS_ROOT}/Target Support Files/Pods-GoogleMapDemo/Pods-GoogleMapDemo-frameworks-${CONFIGURATION}-output-files.xcfilelist",
			);
			runOnlyForDeploymentPostprocessing = 0;
			shellPath = /bin/sh;
			shellScript = "\"${PODS_ROOT}/Target Support Files/Pods-GoogleMapDemo/Pods-GoogleMapDemo-frameworks.sh\"\n";
			showEnvVarsInLog = 0;
		};
		77E4DBBB7A016D1B8F8E395F /* [CP] Check Pods Manifest.lock */ = {
			isa = PBXShellScriptBuildPhase;
			buildActionMask = 2147483647;
			files = (
			);
			inputFileListPaths = (
			);
			inputPaths = (
				"${PODS_PODFILE_DIR_PATH}/Podfile.lock",
				"${PODS_ROOT}/Manifest.lock",
			);
			name = "[CP] Check Pods Manifest.lock";
			outputFileListPaths = (
			);
			outputPaths = (
				"$(DERIVED_FILE_DIR)/Pods-GoogleMapDemo-checkManifestLockResult.txt",
			);
			runOnlyForDeploymentPostprocessing = 0;
			shellPath = /bin/sh;
			shellScript = "diff \"${PODS_PODFILE_DIR_PATH}/Podfile.lock\" \"${PODS_ROOT}/Manifest.lock\" > /dev/null\nif [ $? != 0 ] ; then\n    # print error to STDERR\n    echo \"error: The sandbox is not in sync with the Podfile.lock. Run 'pod install' or update your CocoaPods installation.\" >&2\n    exit 1\nfi\n# This output is used by Xcode 'outputs' to avoid re-running this script phase.\necho \"SUCCESS\" > \"${SCRIPT_OUTPUT_FILE_0}\"\n";
			showEnvVarsInLog = 0;
		};
		B3F9CF1EBB4AF8640E1C394C /* [CP] Copy Pods Resources */ = {
			isa = PBXShellScriptBuildPhase;
			buildActionMask = 2147483647;
			files = (
			);
			inputFileListPaths = (
				"${PODS_ROOT}/Target Support Files/Pods-GoogleMapDemo/Pods-GoogleMapDemo-resources-${CONFIGURATION}-input-files.xcfilelist",
			);
			name = "[CP] Copy Pods Resources";
			outputFileListPaths = (
				"${PODS_ROOT}/Target Support Files/Pods-GoogleMapDemo/Pods-GoogleMapDemo-resources-${CONFIGURATION}-output-files.xcfilelist",
			);
			runOnlyForDeploymentPostprocessing = 0;
			shellPath = /bin/sh;
			shellScript = "\"${PODS_ROOT}/Target Support Files/Pods-GoogleMapDemo/Pods-GoogleMapDemo-resources.sh\"\n";
			showEnvVarsInLog = 0;
		};
/* End PBXShellScriptBuildPhase section */

/* Begin PBXSourcesBuildPhase section */
		FE168FDC25593DDE004F4FC1 /* Sources */ = {
			isa = PBXSourcesBuildPhase;
			buildActionMask = 2147483647;
			files = (
				FE168FE525593DDE004F4FC1 /* AppDelegate.m in Sources */,
				FEC58D3E255953C60027D065 /* GoogleMapViewController.m in Sources */,
				FE168FF625593DE0004F4FC1 /* main.m in Sources */,
			);
			runOnlyForDeploymentPostprocessing = 0;
		};
/* End PBXSourcesBuildPhase section */

/* Begin PBXVariantGroup section */
		FE168FEC25593DDE004F4FC1 /* Main.storyboard */ = {
			isa = PBXVariantGroup;
			children = (
				FE168FED25593DDE004F4FC1 /* Base */,
			);
			name = Main.storyboard;
			sourceTree = "<group>";
		};
		FE168FF125593DE0004F4FC1 /* LaunchScreen.storyboard */ = {
			isa = PBXVariantGroup;
			children = (
				FE168FF225593DE0004F4FC1 /* Base */,
			);
			name = LaunchScreen.storyboard;
			sourceTree = "<group>";
		};
/* End PBXVariantGroup section */

/* Begin XCBuildConfiguration section */
		FE168FF725593DE0004F4FC1 /* Debug */ = {
			isa = XCBuildConfiguration;
			buildSettings = {
				ALWAYS_SEARCH_USER_PATHS = NO;
				CLANG_ANALYZER_NONNULL = YES;
				CLANG_ANALYZER_NUMBER_OBJECT_CONVERSION = YES_AGGRESSIVE;
				CLANG_CXX_LANGUAGE_STANDARD = "gnu++14";
				CLANG_CXX_LIBRARY = "libc++";
				CLANG_ENABLE_MODULES = YES;
				CLANG_ENABLE_OBJC_ARC = YES;
				CLANG_ENABLE_OBJC_WEAK = YES;
				CLANG_WARN_BLOCK_CAPTURE_AUTORELEASING = YES;
				CLANG_WARN_BOOL_CONVERSION = YES;
				CLANG_WARN_COMMA = YES;
				CLANG_WARN_CONSTANT_CONVERSION = YES;
				CLANG_WARN_DEPRECATED_OBJC_IMPLEMENTATIONS = YES;
				CLANG_WARN_DIRECT_OBJC_ISA_USAGE = YES_ERROR;
				CLANG_WARN_DOCUMENTATION_COMMENTS = YES;
				CLANG_WARN_EMPTY_BODY = YES;
				CLANG_WARN_ENUM_CONVERSION = YES;
				CLANG_WARN_INFINITE_RECURSION = YES;
				CLANG_WARN_INT_CONVERSION = YES;
				CLANG_WARN_NON_LITERAL_NULL_CONVERSION = YES;
				CLANG_WARN_OBJC_IMPLICIT_RETAIN_SELF = YES;
				CLANG_WARN_OBJC_LITERAL_CONVERSION = YES;
				CLANG_WARN_OBJC_ROOT_CLASS = YES_ERROR;
				CLANG_WARN_QUOTED_INCLUDE_IN_FRAMEWORK_HEADER = YES;
				CLANG_WARN_RANGE_LOOP_ANALYSIS = YES;
				CLANG_WARN_STRICT_PROTOTYPES = YES;
				CLANG_WARN_SUSPICIOUS_MOVE = YES;
				CLANG_WARN_UNGUARDED_AVAILABILITY = YES_AGGRESSIVE;
				CLANG_WARN_UNREACHABLE_CODE = YES;
				CLANG_WARN__DUPLICATE_METHOD_MATCH = YES;
				COPY_PHASE_STRIP = NO;
				DEBUG_INFORMATION_FORMAT = dwarf;
				ENABLE_STRICT_OBJC_MSGSEND = YES;
				ENABLE_TESTABILITY = YES;
				GCC_C_LANGUAGE_STANDARD = gnu11;
				GCC_DYNAMIC_NO_PIC = NO;
				GCC_NO_COMMON_BLOCKS = YES;
				GCC_OPTIMIZATION_LEVEL = 0;
				GCC_PREPROCESSOR_DEFINITIONS = (
					"DEBUG=1",
					"$(inherited)",
				);
				GCC_WARN_64_TO_32_BIT_CONVERSION = YES;
				GCC_WARN_ABOUT_RETURN_TYPE = YES_ERROR;
				GCC_WARN_UNDECLARED_SELECTOR = YES;
				GCC_WARN_UNINITIALIZED_AUTOS = YES_AGGRESSIVE;
				GCC_WARN_UNUSED_FUNCTION = YES;
				GCC_WARN_UNUSED_VARIABLE = YES;
				IPHONEOS_DEPLOYMENT_TARGET = 14.1;
				MTL_ENABLE_DEBUG_INFO = INCLUDE_SOURCE;
				MTL_FAST_MATH = YES;
				ONLY_ACTIVE_ARCH = YES;
				SDKROOT = iphoneos;
			};
			name = Debug;
		};
		FE168FF825593DE0004F4FC1 /* Release */ = {
			isa = XCBuildConfiguration;
			buildSettings = {
				ALWAYS_SEARCH_USER_PATHS = NO;
				CLANG_ANALYZER_NONNULL = YES;
				CLANG_ANALYZER_NUMBER_OBJECT_CONVERSION = YES_AGGRESSIVE;
				CLANG_CXX_LANGUAGE_STANDARD = "gnu++14";
				CLANG_CXX_LIBRARY = "libc++";
				CLANG_ENABLE_MODULES = YES;
				CLANG_ENABLE_OBJC_ARC = YES;
				CLANG_ENABLE_OBJC_WEAK = YES;
				CLANG_WARN_BLOCK_CAPTURE_AUTORELEASING = YES;
				CLANG_WARN_BOOL_CONVERSION = YES;
				CLANG_WARN_COMMA = YES;
				CLANG_WARN_CONSTANT_CONVERSION = YES;
				CLANG_WARN_DEPRECATED_OBJC_IMPLEMENTATIONS = YES;
				CLANG_WARN_DIRECT_OBJC_ISA_USAGE = YES_ERROR;
				CLANG_WARN_DOCUMENTATION_COMMENTS = YES;
				CLANG_WARN_EMPTY_BODY = YES;
				CLANG_WARN_ENUM_CONVERSION = YES;
				CLANG_WARN_INFINITE_RECURSION = YES;
				CLANG_WARN_INT_CONVERSION = YES;
				CLANG_WARN_NON_LITERAL_NULL_CONVERSION = YES;
				CLANG_WARN_OBJC_IMPLICIT_RETAIN_SELF = YES;
				CLANG_WARN_OBJC_LITERAL_CONVERSION = YES;
				CLANG_WARN_OBJC_ROOT_CLASS = YES_ERROR;
				CLANG_WARN_QUOTED_INCLUDE_IN_FRAMEWORK_HEADER = YES;
				CLANG_WARN_RANGE_LOOP_ANALYSIS = YES;
				CLANG_WARN_STRICT_PROTOTYPES = YES;
				CLANG_WARN_SUSPICIOUS_MOVE = YES;
				CLANG_WARN_UNGUARDED_AVAILABILITY = YES_AGGRESSIVE;
				CLANG_WARN_UNREACHABLE_CODE = YES;
				CLANG_WARN__DUPLICATE_METHOD_MATCH = YES;
				COPY_PHASE_STRIP = NO;
				DEBUG_INFORMATION_FORMAT = "dwarf-with-dsym";
				ENABLE_NS_ASSERTIONS = NO;
				ENABLE_STRICT_OBJC_MSGSEND = YES;
				GCC_C_LANGUAGE_STANDARD = gnu11;
				GCC_NO_COMMON_BLOCKS = YES;
				GCC_WARN_64_TO_32_BIT_CONVERSION = YES;
				GCC_WARN_ABOUT_RETURN_TYPE = YES_ERROR;
				GCC_WARN_UNDECLARED_SELECTOR = YES;
				GCC_WARN_UNINITIALIZED_AUTOS = YES_AGGRESSIVE;
				GCC_WARN_UNUSED_FUNCTION = YES;
				GCC_WARN_UNUSED_VARIABLE = YES;
				IPHONEOS_DEPLOYMENT_TARGET = 14.1;
				MTL_ENABLE_DEBUG_INFO = NO;
				MTL_FAST_MATH = YES;
				SDKROOT = iphoneos;
				VALIDATE_PRODUCT = YES;
			};
			name = Release;
		};
		FE168FFA25593DE0004F4FC1 /* Debug */ = {
			isa = XCBuildConfiguration;
			baseConfigurationReference = 15C22AFCBD12757AAC5D4069 /* Pods-GoogleMapDemo.debug.xcconfig */;
			buildSettings = {
				ASSETCATALOG_COMPILER_APPICON_NAME = AppIcon;
				ASSETCATALOG_COMPILER_GLOBAL_ACCENT_COLOR_NAME = AccentColor;
				CODE_SIGN_STYLE = Automatic;
				DEVELOPMENT_TEAM = TAXNVNJP42;
				INFOPLIST_FILE = GoogleMapDemo/Info.plist;
				IPHONEOS_DEPLOYMENT_TARGET = 11.0;
				LD_RUNPATH_SEARCH_PATHS = (
					"$(inherited)",
					"@executable_path/Frameworks",
				);
				PRODUCT_BUNDLE_IDENTIFIER = com.shupeng.GoogleMapDemo2;
				PRODUCT_NAME = "$(TARGET_NAME)";
				TARGETED_DEVICE_FAMILY = "1,2";
			};
			name = Debug;
		};
		FE168FFB25593DE0004F4FC1 /* Release */ = {
			isa = XCBuildConfiguration;
			baseConfigurationReference = B049B8FB61126A5B16260B27 /* Pods-GoogleMapDemo.release.xcconfig */;
			buildSettings = {
				ASSETCATALOG_COMPILER_APPICON_NAME = AppIcon;
				ASSETCATALOG_COMPILER_GLOBAL_ACCENT_COLOR_NAME = AccentColor;
				CODE_SIGN_STYLE = Automatic;
				DEVELOPMENT_TEAM = TAXNVNJP42;
				INFOPLIST_FILE = GoogleMapDemo/Info.plist;
				IPHONEOS_DEPLOYMENT_TARGET = 11.0;
				LD_RUNPATH_SEARCH_PATHS = (
					"$(inherited)",
					"@executable_path/Frameworks",
				);
				PRODUCT_BUNDLE_IDENTIFIER = com.shupeng.GoogleMapDemo2;
				PRODUCT_NAME = "$(TARGET_NAME)";
				TARGETED_DEVICE_FAMILY = "1,2";
			};
			name = Release;
		};
/* End XCBuildConfiguration section */

/* Begin XCConfigurationList section */
		FE168FDB25593DDE004F4FC1 /* Build configuration list for PBXProject "GoogleMapDemo" */ = {
			isa = XCConfigurationList;
			buildConfigurations = (
				FE168FF725593DE0004F4FC1 /* Debug */,
				FE168FF825593DE0004F4FC1 /* Release */,
			);
			defaultConfigurationIsVisible = 0;
			defaultConfigurationName = Release;
		};
		FE168FF925593DE0004F4FC1 /* Build configuration list for PBXNativeTarget "GoogleMapDemo" */ = {
			isa = XCConfigurationList;
			buildConfigurations = (
				FE168FFA25593DE0004F4FC1 /* Debug */,
				FE168FFB25593DE0004F4FC1 /* Release */,
			);
			defaultConfigurationIsVisible = 0;
			defaultConfigurationName = Release;
		};
/* End XCConfigurationList section */
	};
	rootObject = FE168FD825593DDE004F4FC1 /* Project object */;
}
